
Microsoft Visual Studio Solution File, Format Version 12.00
Project("{FAE04EC0-301F-11D3-BF4B-00C04F79EFBC}") = "Shintio.Essentials", "src\Shintio.Essentials\Shintio.Essentials.csproj", "{B3DC5D0A-553D-4A15-ADFB-DECCE6AAFB0D}"
EndProject
Project("{FAE04EC0-301F-11D3-BF4B-00C04F79EFBC}") = "Shintio.CodeGenerator", "src\DevTools\Shintio.CodeGenerator\Shintio.CodeGenerator.csproj", "{D57C98CE-7FF9-4563-86DB-7DBEFCBE08D9}"
EndProject
Project("{FAE04EC0-301F-11D3-BF4B-00C04F79EFBC}") = "Shintio.CodeProcessor", "src\DevTools\Shintio.CodeProcessor\Shintio.CodeProcessor.csproj", "{C44489D2-EDC2-4FCD-A242-9D8749861824}"
EndProject
Project("{2150E333-8FDC-42A3-9474-1A3956D46DE8}") = "src", "src", "{8BC18793-45C6-4A3E-A364-4B1D3C1418DD}"
EndProject
Project("{2150E333-8FDC-42A3-9474-1A3956D46DE8}") = "DevTools", "DevTools", "{EEF6B366-84B6-4A15-8697-B3F2D2F33C31}"
EndProject
Project("{2150E333-8FDC-42A3-9474-1A3956D46DE8}") = "Bots", "Bots", "{4B17063B-7C0A-4BE4-ABFE-8CD31C967AC5}"
EndProject
Project("{FAE04EC0-301F-11D3-BF4B-00C04F79EFBC}") = "Shintio.Bots.Core", "src\Bots\Shintio.Bots.Core\Shintio.Bots.Core.csproj", "{0075276E-C36F-4AB7-84DD-5C62D2F06E26}"
EndProject
Project("{FAE04EC0-301F-11D3-BF4B-00C04F79EFBC}") = "Shintio.Bots.Telegram", "src\Bots\Shintio.Bots.Telegram\Shintio.Bots.Telegram.csproj", "{2E179380-59ED-44F0-AE6B-0355687C24D9}"
EndProject
Project("{2150E333-8FDC-42A3-9474-1A3956D46DE8}") = "dev", "dev", "{BB04FCBF-89F4-42B3-BDF8-E2625FCCFC5A}"
EndProject
Project("{FAE04EC0-301F-11D3-BF4B-00C04F79EFBC}") = "Shintio.Net", "dev\Shintio.Net\Shintio.Net.csproj", "{F39B0FDA-5710-4260-B20C-D2505FAD184C}"
EndProject
Project("{FAE04EC0-301F-11D3-BF4B-00C04F79EFBC}") = "Shintio.Json", "src\Json\Shintio.Json\Shintio.Json.csproj", "{9BB42026-F2A8-447B-B76E-2FDF2103543C}"
EndProject
Project("{2150E333-8FDC-42A3-9474-1A3956D46DE8}") = "Json", "Json", "{320E1BA5-FE6D-43DE-B382-DA3276357DF5}"
EndProject
Project("{FAE04EC0-301F-11D3-BF4B-00C04F79EFBC}") = "Shintio.Json.System", "src\Json\Shintio.Json.System\Shintio.Json.System.csproj", "{CB309AB5-9701-4DD9-AA45-6E25F5CAC3A0}"
EndProject
Project("{FAE04EC0-301F-11D3-BF4B-00C04F79EFBC}") = "Shintio.Json.Newtonsoft", "src\Json\Shintio.Json.Newtonsoft\Shintio.Json.Newtonsoft.csproj", "{12ADD046-16DF-4DB7-A150-8A6CFCB70F89}"
EndProject
Project("{2150E333-8FDC-42A3-9474-1A3956D46DE8}") = "libs", "libs", "{CD3A5D46-B01A-4F35-88FD-CAEB2BE953D4}"
EndProject
Project("{FAE04EC0-301F-11D3-BF4B-00C04F79EFBC}") = "Newtonsoft.Json", "libs\Newtonsoft.Json\Newtonsoft.Json.csproj", "{C79F6AB4-4A3C-41FC-8893-559E225757FE}"
EndProject
Project("{2150E333-8FDC-42A3-9474-1A3956D46DE8}") = "Compression", "Compression", "{333724E4-17CB-41C4-B4C3-51B9FD73F4E6}"
EndProject
Project("{FAE04EC0-301F-11D3-BF4B-00C04F79EFBC}") = "Shintio.Compression", "src\Compression\Shintio.Compression\Shintio.Compression.csproj", "{61C56983-5A5C-4300-A65E-D4F213054E00}"
EndProject
Project("{2150E333-8FDC-42A3-9474-1A3956D46DE8}") = "Misc", "Misc", "{52C3A27A-644E-4441-9304-946B61E08A17}"
EndProject
Project("{FAE04EC0-301F-11D3-BF4B-00C04F79EFBC}") = "Shintio.DependencyInjection", "src\Misc\Shintio.DependencyInjection\Shintio.DependencyInjection.csproj", "{2F775B3C-FE6A-4B58-9400-E33D09C58F59}"
EndProject
Project("{FAE04EC0-301F-11D3-BF4B-00C04F79EFBC}") = "Shintio.Compression.System", "src\Compression\Shintio.Compression.System\Shintio.Compression.System.csproj", "{7B6ED968-9958-43F7-A145-7B1BAA7FB54D}"
EndProject
Project("{FAE04EC0-301F-11D3-BF4B-00C04F79EFBC}") = "Shintio.Compression.Zlib", "src\Compression\Shintio.Compression.Zlib\Shintio.Compression.Zlib.csproj", "{7075060C-A697-4899-974F-6AB40855F83D}"
EndProject
Project("{FAE04EC0-301F-11D3-BF4B-00C04F79EFBC}") = "Shintio.Compression.Extensions", "src\Compression\Shintio.Compression.Extensions\Shintio.Compression.Extensions.csproj", "{8967B363-8B0E-4FE0-8747-6BB8920AF74C}"
EndProject
Project("{FAE04EC0-301F-11D3-BF4B-00C04F79EFBC}") = "Shintio.Compression.Snappy", "src\Compression\Shintio.Compression.Snappy\Shintio.Compression.Snappy.csproj", "{99F4A2DA-DD47-4B40-8B95-06F56129A68F}"
EndProject
Project("{FAE04EC0-301F-11D3-BF4B-00C04F79EFBC}") = "Shintio.Compression.Zstd", "src\Compression\Shintio.Compression.Zstd\Shintio.Compression.Zstd.csproj", "{4440474D-2362-466A-A676-EA2DDD8CF36A}"
EndProject
Project("{FAE04EC0-301F-11D3-BF4B-00C04F79EFBC}") = "Shintio.Compression.LZ4", "src\Compression\Shintio.Compression.LZ4\Shintio.Compression.LZ4.csproj", "{2A127525-444D-47DC-9AF3-8083690374C5}"
EndProject
Project("{2150E333-8FDC-42A3-9474-1A3956D46DE8}") = "MachineTranslation", "MachineTranslation", "{5901D39D-B189-447F-9348-86A09DEC2ADA}"
EndProject
Project("{FAE04EC0-301F-11D3-BF4B-00C04F79EFBC}") = "Shintio.MachineTranslation.Abstractions", "src\MachineTranslation\Shintio.MachineTranslation.Abstractions\Shintio.MachineTranslation.Abstractions.csproj", "{AED021EF-1EE2-4850-8B1C-C773A3705DD1}"
EndProject
Project("{FAE04EC0-301F-11D3-BF4B-00C04F79EFBC}") = "Shintio.MachineTranslation.GoogleApi", "src\MachineTranslation\Shintio.MachineTranslation.GoogleApi\Shintio.MachineTranslation.GoogleApi.csproj", "{A6053E6B-1213-4038-B64E-B395169EF6CA}"
EndProject
Project("{FAE04EC0-301F-11D3-BF4B-00C04F79EFBC}") = "GTranslatorAPI", "libs\GTranslatorAPI\GTranslatorAPI.csproj", "{885F0D0A-22D0-4865-9FB6-D81C213D3335}"
EndProject
Project("{FAE04EC0-301F-11D3-BF4B-00C04F79EFBC}") = "Shintio.MachineTranslation.Extensions", "src\MachineTranslation\Shintio.MachineTranslation.Extensions\Shintio.MachineTranslation.Extensions.csproj", "{DA6AC97C-CED5-4D5B-A334-CB782688C145}"
EndProject
Project("{2150E333-8FDC-42A3-9474-1A3956D46DE8}") = "Vision", "Vision", "{8A5E19F3-0268-45CC-9393-1DDC9810884E}"
EndProject
Project("{FAE04EC0-301F-11D3-BF4B-00C04F79EFBC}") = "Shintio.Vision.Abstractions", "src\Vision\Shintio.Vision.Abstractions\Shintio.Vision.Abstractions.csproj", "{549FB6B0-F5BE-4752-A950-7FB5244298EB}"
EndProject
Project("{FAE04EC0-301F-11D3-BF4B-00C04F79EFBC}") = "Shintio.Vision.Tesseract", "src\Vision\Shintio.Vision.Tesseract\Shintio.Vision.Tesseract.csproj", "{8992271B-AA02-4759-A4C6-53FE5B5C95AD}"
EndProject
Project("{FAE04EC0-301F-11D3-BF4B-00C04F79EFBC}") = "Shintio.Vision.Extensions", "src\Vision\Shintio.Vision.Extensions\Shintio.Vision.Extensions.csproj", "{2752485F-D490-42C6-BA63-14C6081104A9}"
EndProject
Project("{FAE04EC0-301F-11D3-BF4B-00C04F79EFBC}") = "Shintio.Hosting", "src\Shintio.Hosting\Shintio.Hosting.csproj", "{6783EC11-52F9-44D0-A459-A5E5F8B3D967}"
EndProject
Project("{2150E333-8FDC-42A3-9474-1A3956D46DE8}") = "NaturalLanguageProcessing", "NaturalLanguageProcessing", "{ADDF8FDD-6B45-4237-B5F4-D1D59D9A1934}"
EndProject
Project("{FAE04EC0-301F-11D3-BF4B-00C04F79EFBC}") = "Shintio.NaturalLanguageProcessing", "src\NaturalLanguageProcessing\Shintio.NaturalLanguageProcessing\Shintio.NaturalLanguageProcessing.csproj", "{E6E1440A-F394-47A2-9FD2-F4681DF1AEBC}"
EndProject
Project("{2150E333-8FDC-42A3-9474-1A3956D46DE8}") = "Database", "Database", "{A89356D5-1393-4463-B141-0DBCF6D48BDD}"
EndProject
Project("{FAE04EC0-301F-11D3-BF4B-00C04F79EFBC}") = "Shintio.Database", "src\Database\Shintio.Database\Shintio.Database.csproj", "{DE0BEED7-5312-4472-BEA3-E7952AB1AD58}"
EndProject
Project("{FAE04EC0-301F-11D3-BF4B-00C04F79EFBC}") = "Shintio.Database.MySql", "src\Database\Shintio.Database.MySql\Shintio.Database.MySql.csproj", "{4218771A-7529-470E-A8C7-4AD9B43E5E84}"
EndProject
Project("{FAE04EC0-301F-11D3-BF4B-00C04F79EFBC}") = "Shintio.Web", "src\Misc\Shintio.Web\Shintio.Web.csproj", "{48BED267-27E6-4137-8477-537AE40C0DEB}"
EndProject
Global
	GlobalSection(SolutionConfigurationPlatforms) = preSolution
		Debug|Any CPU = Debug|Any CPU
		Release|Any CPU = Release|Any CPU
	EndGlobalSection
	GlobalSection(ProjectConfigurationPlatforms) = postSolution
		{B3DC5D0A-553D-4A15-ADFB-DECCE6AAFB0D}.Debug|Any CPU.ActiveCfg = Debug|Any CPU
		{B3DC5D0A-553D-4A15-ADFB-DECCE6AAFB0D}.Debug|Any CPU.Build.0 = Debug|Any CPU
		{B3DC5D0A-553D-4A15-ADFB-DECCE6AAFB0D}.Release|Any CPU.ActiveCfg = Release|Any CPU
		{B3DC5D0A-553D-4A15-ADFB-DECCE6AAFB0D}.Release|Any CPU.Build.0 = Release|Any CPU
		{D57C98CE-7FF9-4563-86DB-7DBEFCBE08D9}.Debug|Any CPU.ActiveCfg = Debug|Any CPU
		{D57C98CE-7FF9-4563-86DB-7DBEFCBE08D9}.Debug|Any CPU.Build.0 = Debug|Any CPU
		{D57C98CE-7FF9-4563-86DB-7DBEFCBE08D9}.Release|Any CPU.ActiveCfg = Release|Any CPU
		{D57C98CE-7FF9-4563-86DB-7DBEFCBE08D9}.Release|Any CPU.Build.0 = Release|Any CPU
		{C44489D2-EDC2-4FCD-A242-9D8749861824}.Debug|Any CPU.ActiveCfg = Debug|Any CPU
		{C44489D2-EDC2-4FCD-A242-9D8749861824}.Debug|Any CPU.Build.0 = Debug|Any CPU
		{C44489D2-EDC2-4FCD-A242-9D8749861824}.Release|Any CPU.ActiveCfg = Release|Any CPU
		{C44489D2-EDC2-4FCD-A242-9D8749861824}.Release|Any CPU.Build.0 = Release|Any CPU
		{0075276E-C36F-4AB7-84DD-5C62D2F06E26}.Debug|Any CPU.ActiveCfg = Debug|Any CPU
		{0075276E-C36F-4AB7-84DD-5C62D2F06E26}.Debug|Any CPU.Build.0 = Debug|Any CPU
		{0075276E-C36F-4AB7-84DD-5C62D2F06E26}.Release|Any CPU.ActiveCfg = Release|Any CPU
		{0075276E-C36F-4AB7-84DD-5C62D2F06E26}.Release|Any CPU.Build.0 = Release|Any CPU
		{2E179380-59ED-44F0-AE6B-0355687C24D9}.Debug|Any CPU.ActiveCfg = Debug|Any CPU
		{2E179380-59ED-44F0-AE6B-0355687C24D9}.Debug|Any CPU.Build.0 = Debug|Any CPU
		{2E179380-59ED-44F0-AE6B-0355687C24D9}.Release|Any CPU.ActiveCfg = Release|Any CPU
		{2E179380-59ED-44F0-AE6B-0355687C24D9}.Release|Any CPU.Build.0 = Release|Any CPU
		{F39B0FDA-5710-4260-B20C-D2505FAD184C}.Debug|Any CPU.ActiveCfg = Debug|Any CPU
		{F39B0FDA-5710-4260-B20C-D2505FAD184C}.Debug|Any CPU.Build.0 = Debug|Any CPU
		{F39B0FDA-5710-4260-B20C-D2505FAD184C}.Release|Any CPU.ActiveCfg = Release|Any CPU
		{F39B0FDA-5710-4260-B20C-D2505FAD184C}.Release|Any CPU.Build.0 = Release|Any CPU
		{9BB42026-F2A8-447B-B76E-2FDF2103543C}.Debug|Any CPU.ActiveCfg = Debug|Any CPU
		{9BB42026-F2A8-447B-B76E-2FDF2103543C}.Debug|Any CPU.Build.0 = Debug|Any CPU
		{9BB42026-F2A8-447B-B76E-2FDF2103543C}.Release|Any CPU.ActiveCfg = Release|Any CPU
		{9BB42026-F2A8-447B-B76E-2FDF2103543C}.Release|Any CPU.Build.0 = Release|Any CPU
		{CB309AB5-9701-4DD9-AA45-6E25F5CAC3A0}.Debug|Any CPU.ActiveCfg = Debug|Any CPU
		{CB309AB5-9701-4DD9-AA45-6E25F5CAC3A0}.Debug|Any CPU.Build.0 = Debug|Any CPU
		{CB309AB5-9701-4DD9-AA45-6E25F5CAC3A0}.Release|Any CPU.ActiveCfg = Release|Any CPU
		{CB309AB5-9701-4DD9-AA45-6E25F5CAC3A0}.Release|Any CPU.Build.0 = Release|Any CPU
		{12ADD046-16DF-4DB7-A150-8A6CFCB70F89}.Debug|Any CPU.ActiveCfg = Debug|Any CPU
		{12ADD046-16DF-4DB7-A150-8A6CFCB70F89}.Debug|Any CPU.Build.0 = Debug|Any CPU
		{12ADD046-16DF-4DB7-A150-8A6CFCB70F89}.Release|Any CPU.ActiveCfg = Release|Any CPU
		{12ADD046-16DF-4DB7-A150-8A6CFCB70F89}.Release|Any CPU.Build.0 = Release|Any CPU
		{C79F6AB4-4A3C-41FC-8893-559E225757FE}.Debug|Any CPU.ActiveCfg = Debug|Any CPU
		{C79F6AB4-4A3C-41FC-8893-559E225757FE}.Debug|Any CPU.Build.0 = Debug|Any CPU
		{C79F6AB4-4A3C-41FC-8893-559E225757FE}.Release|Any CPU.ActiveCfg = Release|Any CPU
		{C79F6AB4-4A3C-41FC-8893-559E225757FE}.Release|Any CPU.Build.0 = Release|Any CPU
		{61C56983-5A5C-4300-A65E-D4F213054E00}.Debug|Any CPU.ActiveCfg = Debug|Any CPU
		{61C56983-5A5C-4300-A65E-D4F213054E00}.Debug|Any CPU.Build.0 = Debug|Any CPU
		{61C56983-5A5C-4300-A65E-D4F213054E00}.Release|Any CPU.ActiveCfg = Release|Any CPU
		{61C56983-5A5C-4300-A65E-D4F213054E00}.Release|Any CPU.Build.0 = Release|Any CPU
		{2F775B3C-FE6A-4B58-9400-E33D09C58F59}.Debug|Any CPU.ActiveCfg = Debug|Any CPU
		{2F775B3C-FE6A-4B58-9400-E33D09C58F59}.Debug|Any CPU.Build.0 = Debug|Any CPU
		{2F775B3C-FE6A-4B58-9400-E33D09C58F59}.Release|Any CPU.ActiveCfg = Release|Any CPU
		{2F775B3C-FE6A-4B58-9400-E33D09C58F59}.Release|Any CPU.Build.0 = Release|Any CPU
		{7B6ED968-9958-43F7-A145-7B1BAA7FB54D}.Debug|Any CPU.ActiveCfg = Debug|Any CPU
		{7B6ED968-9958-43F7-A145-7B1BAA7FB54D}.Debug|Any CPU.Build.0 = Debug|Any CPU
		{7B6ED968-9958-43F7-A145-7B1BAA7FB54D}.Release|Any CPU.ActiveCfg = Release|Any CPU
		{7B6ED968-9958-43F7-A145-7B1BAA7FB54D}.Release|Any CPU.Build.0 = Release|Any CPU
		{7075060C-A697-4899-974F-6AB40855F83D}.Debug|Any CPU.ActiveCfg = Debug|Any CPU
		{7075060C-A697-4899-974F-6AB40855F83D}.Debug|Any CPU.Build.0 = Debug|Any CPU
		{7075060C-A697-4899-974F-6AB40855F83D}.Release|Any CPU.ActiveCfg = Release|Any CPU
		{7075060C-A697-4899-974F-6AB40855F83D}.Release|Any CPU.Build.0 = Release|Any CPU
		{8967B363-8B0E-4FE0-8747-6BB8920AF74C}.Debug|Any CPU.ActiveCfg = Debug|Any CPU
		{8967B363-8B0E-4FE0-8747-6BB8920AF74C}.Debug|Any CPU.Build.0 = Debug|Any CPU
		{8967B363-8B0E-4FE0-8747-6BB8920AF74C}.Release|Any CPU.ActiveCfg = Release|Any CPU
		{8967B363-8B0E-4FE0-8747-6BB8920AF74C}.Release|Any CPU.Build.0 = Release|Any CPU
		{99F4A2DA-DD47-4B40-8B95-06F56129A68F}.Debug|Any CPU.ActiveCfg = Debug|Any CPU
		{99F4A2DA-DD47-4B40-8B95-06F56129A68F}.Debug|Any CPU.Build.0 = Debug|Any CPU
		{99F4A2DA-DD47-4B40-8B95-06F56129A68F}.Release|Any CPU.ActiveCfg = Release|Any CPU
		{99F4A2DA-DD47-4B40-8B95-06F56129A68F}.Release|Any CPU.Build.0 = Release|Any CPU
		{4440474D-2362-466A-A676-EA2DDD8CF36A}.Debug|Any CPU.ActiveCfg = Debug|Any CPU
		{4440474D-2362-466A-A676-EA2DDD8CF36A}.Debug|Any CPU.Build.0 = Debug|Any CPU
		{4440474D-2362-466A-A676-EA2DDD8CF36A}.Release|Any CPU.ActiveCfg = Release|Any CPU
		{4440474D-2362-466A-A676-EA2DDD8CF36A}.Release|Any CPU.Build.0 = Release|Any CPU
		{2A127525-444D-47DC-9AF3-8083690374C5}.Debug|Any CPU.ActiveCfg = Debug|Any CPU
		{2A127525-444D-47DC-9AF3-8083690374C5}.Debug|Any CPU.Build.0 = Debug|Any CPU
		{2A127525-444D-47DC-9AF3-8083690374C5}.Release|Any CPU.ActiveCfg = Release|Any CPU
		{2A127525-444D-47DC-9AF3-8083690374C5}.Release|Any CPU.Build.0 = Release|Any CPU
		{AED021EF-1EE2-4850-8B1C-C773A3705DD1}.Debug|Any CPU.ActiveCfg = Debug|Any CPU
		{AED021EF-1EE2-4850-8B1C-C773A3705DD1}.Debug|Any CPU.Build.0 = Debug|Any CPU
		{AED021EF-1EE2-4850-8B1C-C773A3705DD1}.Release|Any CPU.ActiveCfg = Release|Any CPU
		{AED021EF-1EE2-4850-8B1C-C773A3705DD1}.Release|Any CPU.Build.0 = Release|Any CPU
		{A6053E6B-1213-4038-B64E-B395169EF6CA}.Debug|Any CPU.ActiveCfg = Debug|Any CPU
		{A6053E6B-1213-4038-B64E-B395169EF6CA}.Debug|Any CPU.Build.0 = Debug|Any CPU
		{A6053E6B-1213-4038-B64E-B395169EF6CA}.Release|Any CPU.ActiveCfg = Release|Any CPU
		{A6053E6B-1213-4038-B64E-B395169EF6CA}.Release|Any CPU.Build.0 = Release|Any CPU
		{885F0D0A-22D0-4865-9FB6-D81C213D3335}.Debug|Any CPU.ActiveCfg = Debug|Any CPU
		{885F0D0A-22D0-4865-9FB6-D81C213D3335}.Debug|Any CPU.Build.0 = Debug|Any CPU
		{885F0D0A-22D0-4865-9FB6-D81C213D3335}.Release|Any CPU.ActiveCfg = Release|Any CPU
		{885F0D0A-22D0-4865-9FB6-D81C213D3335}.Release|Any CPU.Build.0 = Release|Any CPU
		{DA6AC97C-CED5-4D5B-A334-CB782688C145}.Debug|Any CPU.ActiveCfg = Debug|Any CPU
		{DA6AC97C-CED5-4D5B-A334-CB782688C145}.Debug|Any CPU.Build.0 = Debug|Any CPU
		{DA6AC97C-CED5-4D5B-A334-CB782688C145}.Release|Any CPU.ActiveCfg = Release|Any CPU
		{DA6AC97C-CED5-4D5B-A334-CB782688C145}.Release|Any CPU.Build.0 = Release|Any CPU
		{549FB6B0-F5BE-4752-A950-7FB5244298EB}.Debug|Any CPU.ActiveCfg = Debug|Any CPU
		{549FB6B0-F5BE-4752-A950-7FB5244298EB}.Debug|Any CPU.Build.0 = Debug|Any CPU
		{549FB6B0-F5BE-4752-A950-7FB5244298EB}.Release|Any CPU.ActiveCfg = Release|Any CPU
		{549FB6B0-F5BE-4752-A950-7FB5244298EB}.Release|Any CPU.Build.0 = Release|Any CPU
		{8992271B-AA02-4759-A4C6-53FE5B5C95AD}.Debug|Any CPU.ActiveCfg = Debug|Any CPU
		{8992271B-AA02-4759-A4C6-53FE5B5C95AD}.Debug|Any CPU.Build.0 = Debug|Any CPU
		{8992271B-AA02-4759-A4C6-53FE5B5C95AD}.Release|Any CPU.ActiveCfg = Release|Any CPU
		{8992271B-AA02-4759-A4C6-53FE5B5C95AD}.Release|Any CPU.Build.0 = Release|Any CPU
		{2752485F-D490-42C6-BA63-14C6081104A9}.Debug|Any CPU.ActiveCfg = Debug|Any CPU
		{2752485F-D490-42C6-BA63-14C6081104A9}.Debug|Any CPU.Build.0 = Debug|Any CPU
		{2752485F-D490-42C6-BA63-14C6081104A9}.Release|Any CPU.ActiveCfg = Release|Any CPU
		{2752485F-D490-42C6-BA63-14C6081104A9}.Release|Any CPU.Build.0 = Release|Any CPU
		{6783EC11-52F9-44D0-A459-A5E5F8B3D967}.Debug|Any CPU.ActiveCfg = Debug|Any CPU
		{6783EC11-52F9-44D0-A459-A5E5F8B3D967}.Debug|Any CPU.Build.0 = Debug|Any CPU
		{6783EC11-52F9-44D0-A459-A5E5F8B3D967}.Release|Any CPU.ActiveCfg = Release|Any CPU
		{6783EC11-52F9-44D0-A459-A5E5F8B3D967}.Release|Any CPU.Build.0 = Release|Any CPU
		{E6E1440A-F394-47A2-9FD2-F4681DF1AEBC}.Debug|Any CPU.ActiveCfg = Debug|Any CPU
		{E6E1440A-F394-47A2-9FD2-F4681DF1AEBC}.Debug|Any CPU.Build.0 = Debug|Any CPU
		{E6E1440A-F394-47A2-9FD2-F4681DF1AEBC}.Release|Any CPU.ActiveCfg = Release|Any CPU
		{E6E1440A-F394-47A2-9FD2-F4681DF1AEBC}.Release|Any CPU.Build.0 = Release|Any CPU
		{DE0BEED7-5312-4472-BEA3-E7952AB1AD58}.Debug|Any CPU.ActiveCfg = Debug|Any CPU
		{DE0BEED7-5312-4472-BEA3-E7952AB1AD58}.Debug|Any CPU.Build.0 = Debug|Any CPU
		{DE0BEED7-5312-4472-BEA3-E7952AB1AD58}.Release|Any CPU.ActiveCfg = Release|Any CPU
		{DE0BEED7-5312-4472-BEA3-E7952AB1AD58}.Release|Any CPU.Build.0 = Release|Any CPU
		{4218771A-7529-470E-A8C7-4AD9B43E5E84}.Debug|Any CPU.ActiveCfg = Debug|Any CPU
		{4218771A-7529-470E-A8C7-4AD9B43E5E84}.Debug|Any CPU.Build.0 = Debug|Any CPU
		{4218771A-7529-470E-A8C7-4AD9B43E5E84}.Release|Any CPU.ActiveCfg = Release|Any CPU
		{4218771A-7529-470E-A8C7-4AD9B43E5E84}.Release|Any CPU.Build.0 = Release|Any CPU
		{48BED267-27E6-4137-8477-537AE40C0DEB}.Debug|Any CPU.ActiveCfg = Debug|Any CPU
		{48BED267-27E6-4137-8477-537AE40C0DEB}.Debug|Any CPU.Build.0 = Debug|Any CPU
		{48BED267-27E6-4137-8477-537AE40C0DEB}.Release|Any CPU.ActiveCfg = Release|Any CPU
		{48BED267-27E6-4137-8477-537AE40C0DEB}.Release|Any CPU.Build.0 = Release|Any CPU
	EndGlobalSection
	GlobalSection(NestedProjects) = preSolution
		{EEF6B366-84B6-4A15-8697-B3F2D2F33C31} = {8BC18793-45C6-4A3E-A364-4B1D3C1418DD}
		{4B17063B-7C0A-4BE4-ABFE-8CD31C967AC5} = {8BC18793-45C6-4A3E-A364-4B1D3C1418DD}
		{D57C98CE-7FF9-4563-86DB-7DBEFCBE08D9} = {EEF6B366-84B6-4A15-8697-B3F2D2F33C31}
		{C44489D2-EDC2-4FCD-A242-9D8749861824} = {EEF6B366-84B6-4A15-8697-B3F2D2F33C31}
		{B3DC5D0A-553D-4A15-ADFB-DECCE6AAFB0D} = {8BC18793-45C6-4A3E-A364-4B1D3C1418DD}
		{0075276E-C36F-4AB7-84DD-5C62D2F06E26} = {4B17063B-7C0A-4BE4-ABFE-8CD31C967AC5}
		{2E179380-59ED-44F0-AE6B-0355687C24D9} = {4B17063B-7C0A-4BE4-ABFE-8CD31C967AC5}
		{F39B0FDA-5710-4260-B20C-D2505FAD184C} = {BB04FCBF-89F4-42B3-BDF8-E2625FCCFC5A}
		{320E1BA5-FE6D-43DE-B382-DA3276357DF5} = {8BC18793-45C6-4A3E-A364-4B1D3C1418DD}
		{9BB42026-F2A8-447B-B76E-2FDF2103543C} = {320E1BA5-FE6D-43DE-B382-DA3276357DF5}
		{CB309AB5-9701-4DD9-AA45-6E25F5CAC3A0} = {320E1BA5-FE6D-43DE-B382-DA3276357DF5}
		{12ADD046-16DF-4DB7-A150-8A6CFCB70F89} = {320E1BA5-FE6D-43DE-B382-DA3276357DF5}
		{C79F6AB4-4A3C-41FC-8893-559E225757FE} = {CD3A5D46-B01A-4F35-88FD-CAEB2BE953D4}
		{333724E4-17CB-41C4-B4C3-51B9FD73F4E6} = {8BC18793-45C6-4A3E-A364-4B1D3C1418DD}
		{61C56983-5A5C-4300-A65E-D4F213054E00} = {333724E4-17CB-41C4-B4C3-51B9FD73F4E6}
		{52C3A27A-644E-4441-9304-946B61E08A17} = {8BC18793-45C6-4A3E-A364-4B1D3C1418DD}
		{2F775B3C-FE6A-4B58-9400-E33D09C58F59} = {52C3A27A-644E-4441-9304-946B61E08A17}
		{7B6ED968-9958-43F7-A145-7B1BAA7FB54D} = {333724E4-17CB-41C4-B4C3-51B9FD73F4E6}
		{7075060C-A697-4899-974F-6AB40855F83D} = {333724E4-17CB-41C4-B4C3-51B9FD73F4E6}
		{8967B363-8B0E-4FE0-8747-6BB8920AF74C} = {333724E4-17CB-41C4-B4C3-51B9FD73F4E6}
		{99F4A2DA-DD47-4B40-8B95-06F56129A68F} = {333724E4-17CB-41C4-B4C3-51B9FD73F4E6}
		{4440474D-2362-466A-A676-EA2DDD8CF36A} = {333724E4-17CB-41C4-B4C3-51B9FD73F4E6}
		{2A127525-444D-47DC-9AF3-8083690374C5} = {333724E4-17CB-41C4-B4C3-51B9FD73F4E6}
		{5901D39D-B189-447F-9348-86A09DEC2ADA} = {8BC18793-45C6-4A3E-A364-4B1D3C1418DD}
		{AED021EF-1EE2-4850-8B1C-C773A3705DD1} = {5901D39D-B189-447F-9348-86A09DEC2ADA}
		{A6053E6B-1213-4038-B64E-B395169EF6CA} = {5901D39D-B189-447F-9348-86A09DEC2ADA}
		{885F0D0A-22D0-4865-9FB6-D81C213D3335} = {CD3A5D46-B01A-4F35-88FD-CAEB2BE953D4}
		{DA6AC97C-CED5-4D5B-A334-CB782688C145} = {5901D39D-B189-447F-9348-86A09DEC2ADA}
		{8A5E19F3-0268-45CC-9393-1DDC9810884E} = {8BC18793-45C6-4A3E-A364-4B1D3C1418DD}
		{549FB6B0-F5BE-4752-A950-7FB5244298EB} = {8A5E19F3-0268-45CC-9393-1DDC9810884E}
		{8992271B-AA02-4759-A4C6-53FE5B5C95AD} = {8A5E19F3-0268-45CC-9393-1DDC9810884E}
		{2752485F-D490-42C6-BA63-14C6081104A9} = {8A5E19F3-0268-45CC-9393-1DDC9810884E}
		{6783EC11-52F9-44D0-A459-A5E5F8B3D967} = {8BC18793-45C6-4A3E-A364-4B1D3C1418DD}
		{ADDF8FDD-6B45-4237-B5F4-D1D59D9A1934} = {8BC18793-45C6-4A3E-A364-4B1D3C1418DD}
		{E6E1440A-F394-47A2-9FD2-F4681DF1AEBC} = {ADDF8FDD-6B45-4237-B5F4-D1D59D9A1934}
		{A89356D5-1393-4463-B141-0DBCF6D48BDD} = {8BC18793-45C6-4A3E-A364-4B1D3C1418DD}
		{DE0BEED7-5312-4472-BEA3-E7952AB1AD58} = {A89356D5-1393-4463-B141-0DBCF6D48BDD}
		{4218771A-7529-470E-A8C7-4AD9B43E5E84} = {A89356D5-1393-4463-B141-0DBCF6D48BDD}
		{48BED267-27E6-4137-8477-537AE40C0DEB} = {52C3A27A-644E-4441-9304-946B61E08A17}
	EndGlobalSection
EndGlobal
