
Microsoft Visual Studio Solution File, Format Version 12.00
Project("{FAE04EC0-301F-11D3-BF4B-00C04F79EFBC}") = "Shintio.Essentials", "src\Shintio.Essentials\Shintio.Essentials.csproj", "{B3DC5D0A-553D-4A15-ADFB-DECCE6AAFB0D}"
EndProject
Project("{FAE04EC0-301F-11D3-BF4B-00C04F79EFBC}") = "Shintio.CodeGenerator", "src\DevTools\Shintio.CodeGenerator\Shintio.CodeGenerator.csproj", "{D57C98CE-7FF9-4563-86DB-7DBEFCBE08D9}"
EndProject
Project("{FAE04EC0-301F-11D3-BF4B-00C04F79EFBC}") = "Shintio.CodeProcessor", "src\DevTools\Shintio.CodeProcessor\Shintio.CodeProcessor.csproj", "{C44489D2-EDC2-4FCD-A242-9D8749861824}"
EndProject
Project("{2150E333-8FDC-42A3-9474-1A3956D46DE8}") = "src", "src", "{8BC18793-45C6-4A3E-A364-4B1D3C1418DD}"
EndProject
Project("{2150E333-8FDC-42A3-9474-1A3956D46DE8}") = "DevTools", "DevTools", "{EEF6B366-84B6-4A15-8697-B3F2D2F33C31}"
EndProject
Project("{2150E333-8FDC-42A3-9474-1A3956D46DE8}") = "Bots", "Bots", "{4B17063B-7C0A-4BE4-ABFE-8CD31C967AC5}"
EndProject
Global
	GlobalSection(SolutionConfigurationPlatforms) = preSolution
		Debug|Any CPU = Debug|Any CPU
		Release|Any CPU = Release|Any CPU
	EndGlobalSection
	GlobalSection(ProjectConfigurationPlatforms) = postSolution
		{B3DC5D0A-553D-4A15-ADFB-DECCE6AAFB0D}.Debug|Any CPU.ActiveCfg = Debug|Any CPU
		{B3DC5D0A-553D-4A15-ADFB-DECCE6AAFB0D}.Debug|Any CPU.Build.0 = Debug|Any CPU
		{B3DC5D0A-553D-4A15-ADFB-DECCE6AAFB0D}.Release|Any CPU.ActiveCfg = Release|Any CPU
		{B3DC5D0A-553D-4A15-ADFB-DECCE6AAFB0D}.Release|Any CPU.Build.0 = Release|Any CPU
		{D57C98CE-7FF9-4563-86DB-7DBEFCBE08D9}.Debug|Any CPU.ActiveCfg = Debug|Any CPU
		{D57C98CE-7FF9-4563-86DB-7DBEFCBE08D9}.Debug|Any CPU.Build.0 = Debug|Any CPU
		{D57C98CE-7FF9-4563-86DB-7DBEFCBE08D9}.Release|Any CPU.ActiveCfg = Release|Any CPU
		{D57C98CE-7FF9-4563-86DB-7DBEFCBE08D9}.Release|Any CPU.Build.0 = Release|Any CPU
		{C44489D2-EDC2-4FCD-A242-9D8749861824}.Debug|Any CPU.ActiveCfg = Debug|Any CPU
		{C44489D2-EDC2-4FCD-A242-9D8749861824}.Debug|Any CPU.Build.0 = Debug|Any CPU
		{C44489D2-EDC2-4FCD-A242-9D8749861824}.Release|Any CPU.ActiveCfg = Release|Any CPU
		{C44489D2-EDC2-4FCD-A242-9D8749861824}.Release|Any CPU.Build.0 = Release|Any CPU
	EndGlobalSection
	GlobalSection(NestedProjects) = preSolution
		{EEF6B366-84B6-4A15-8697-B3F2D2F33C31} = {8BC18793-45C6-4A3E-A364-4B1D3C1418DD}
		{4B17063B-7C0A-4BE4-ABFE-8CD31C967AC5} = {8BC18793-45C6-4A3E-A364-4B1D3C1418DD}
		{D57C98CE-7FF9-4563-86DB-7DBEFCBE08D9} = {EEF6B366-84B6-4A15-8697-B3F2D2F33C31}
		{C44489D2-EDC2-4FCD-A242-9D8749861824} = {EEF6B366-84B6-4A15-8697-B3F2D2F33C31}
		{B3DC5D0A-553D-4A15-ADFB-DECCE6AAFB0D} = {8BC18793-45C6-4A3E-A364-4B1D3C1418DD}
	EndGlobalSection
EndGlobal
